
Microsoft Visual Studio Solution File, Format Version 11.00
# Visual Studio 2010
Project("{FAE04EC0-301F-11D3-BF4B-00C04F79EFBC}") = "Assignment 7.2", "Assignment 7.2\Assignment 7.2.csproj", "{C209DC9B-A4E4-4913-A679-9DE1E309D71A}"
EndProject
Global
	GlobalSection(SolutionConfigurationPlatforms) = preSolution
		Debug|x86 = Debug|x86
		Release|x86 = Release|x86
	EndGlobalSection
	GlobalSection(ProjectConfigurationPlatforms) = postSolution
		{C209DC9B-A4E4-4913-A679-9DE1E309D71A}.Debug|x86.ActiveCfg = Debug|x86
		{C209DC9B-A4E4-4913-A679-9DE1E309D71A}.Debug|x86.Build.0 = Debug|x86
		{C209DC9B-A4E4-4913-A679-9DE1E309D71A}.Release|x86.ActiveCfg = Release|x86
		{C209DC9B-A4E4-4913-A679-9DE1E309D71A}.Release|x86.Build.0 = Release|x86
	EndGlobalSection
	GlobalSection(SolutionProperties) = preSolution
		HideSolutionNode = FALSE
	EndGlobalSection
EndGlobal
