
Microsoft Visual Studio Solution File, Format Version 11.00
# Visual Studio 2010
Project("{FAE04EC0-301F-11D3-BF4B-00C04F79EFBC}") = "Assignment 5.2", "Assignment 5.2\Assignment 5.2.csproj", "{D49A2D9A-4E36-4779-A865-A54847A9998B}"
EndProject
Global
	GlobalSection(SolutionConfigurationPlatforms) = preSolution
		Debug|x86 = Debug|x86
		Release|x86 = Release|x86
	EndGlobalSection
	GlobalSection(ProjectConfigurationPlatforms) = postSolution
		{D49A2D9A-4E36-4779-A865-A54847A9998B}.Debug|x86.ActiveCfg = Debug|x86
		{D49A2D9A-4E36-4779-A865-A54847A9998B}.Debug|x86.Build.0 = Debug|x86
		{D49A2D9A-4E36-4779-A865-A54847A9998B}.Release|x86.ActiveCfg = Release|x86
		{D49A2D9A-4E36-4779-A865-A54847A9998B}.Release|x86.Build.0 = Release|x86
	EndGlobalSection
	GlobalSection(SolutionProperties) = preSolution
		HideSolutionNode = FALSE
	EndGlobalSection
EndGlobal
